
Microsoft Visual Studio Solution File, Format Version 10.00
# Visual Studio 2008
Project("{FAE04EC0-301F-11D3-BF4B-00C04F79EFBC}") = "CountDownMachine", "CountDownMachine\CountDownMachine.csproj", "{3C6225D7-41D1-4258-9E88-080320DDA833}"
EndProject
Global
	GlobalSection(SolutionConfigurationPlatforms) = preSolution
		Debug|Any CPU = Debug|Any CPU
		Release|Any CPU = Release|Any CPU
	EndGlobalSection
	GlobalSection(ProjectConfigurationPlatforms) = postSolution
		{3C6225D7-41D1-4258-9E88-080320DDA833}.Debug|Any CPU.ActiveCfg = Debug|Any CPU
		{3C6225D7-41D1-4258-9E88-080320DDA833}.Debug|Any CPU.Build.0 = Debug|Any CPU
		{3C6225D7-41D1-4258-9E88-080320DDA833}.Release|Any CPU.ActiveCfg = Release|Any CPU
		{3C6225D7-41D1-4258-9E88-080320DDA833}.Release|Any CPU.Build.0 = Release|Any CPU
	EndGlobalSection
	GlobalSection(SolutionProperties) = preSolution
		HideSolutionNode = FALSE
	EndGlobalSection
EndGlobal
